
Microsoft Visual Studio Solution File, Format Version 12.00
# Visual Studio Version 16
VisualStudioVersion = 16.0.31321.278
MinimumVisualStudioVersion = 10.0.40219.1
Project("{FAE04EC0-301F-11D3-BF4B-00C04F79EFBC}") = "Client", "Client\Client.csproj", "{0F62423A-1C8D-4B9A-804A-01AC58395A0F}"
EndProject
Project("{FAE04EC0-301F-11D3-BF4B-00C04F79EFBC}") = "Server_", "Server_\Server_.csproj", "{E4940AD2-80B2-45AC-B37C-4AEDFC54EC80}"
EndProject
Global
	GlobalSection(SolutionConfigurationPlatforms) = preSolution
		Debug|Any CPU = Debug|Any CPU
		Release|Any CPU = Release|Any CPU
	EndGlobalSection
	GlobalSection(ProjectConfigurationPlatforms) = postSolution
		{0F62423A-1C8D-4B9A-804A-01AC58395A0F}.Debug|Any CPU.ActiveCfg = Debug|Any CPU
		{0F62423A-1C8D-4B9A-804A-01AC58395A0F}.Debug|Any CPU.Build.0 = Debug|Any CPU
		{0F62423A-1C8D-4B9A-804A-01AC58395A0F}.Release|Any CPU.ActiveCfg = Release|Any CPU
		{0F62423A-1C8D-4B9A-804A-01AC58395A0F}.Release|Any CPU.Build.0 = Release|Any CPU
		{E4940AD2-80B2-45AC-B37C-4AEDFC54EC80}.Debug|Any CPU.ActiveCfg = Debug|Any CPU
		{E4940AD2-80B2-45AC-B37C-4AEDFC54EC80}.Debug|Any CPU.Build.0 = Debug|Any CPU
		{E4940AD2-80B2-45AC-B37C-4AEDFC54EC80}.Release|Any CPU.ActiveCfg = Release|Any CPU
		{E4940AD2-80B2-45AC-B37C-4AEDFC54EC80}.Release|Any CPU.Build.0 = Release|Any CPU
	EndGlobalSection
	GlobalSection(SolutionProperties) = preSolution
		HideSolutionNode = FALSE
	EndGlobalSection
	GlobalSection(ExtensibilityGlobals) = postSolution
		SolutionGuid = {15A10504-EEAE-44E3-B08B-FFB546CAC63F}
	EndGlobalSection
EndGlobal
